
Microsoft Visual Studio Solution File, Format Version 12.00
# Visual Studio Version 17
VisualStudioVersion = 17.5.33103.201
MinimumVisualStudioVersion = 10.0.40219.1
Project("{FAE04EC0-301F-11D3-BF4B-00C04F79EFBC}") = "api.sandwich.net", "api.sandwich.net.csproj", "{16EC0BD4-7BAC-4960-9C4D-420907ED9091}"
EndProject
Global
	GlobalSection(SolutionConfigurationPlatforms) = preSolution
		Debug|Any CPU = Debug|Any CPU
		Release|Any CPU = Release|Any CPU
	EndGlobalSection
	GlobalSection(ProjectConfigurationPlatforms) = postSolution
		{16EC0BD4-7BAC-4960-9C4D-420907ED9091}.Debug|Any CPU.ActiveCfg = Debug|Any CPU
		{16EC0BD4-7BAC-4960-9C4D-420907ED9091}.Debug|Any CPU.Build.0 = Debug|Any CPU
		{16EC0BD4-7BAC-4960-9C4D-420907ED9091}.Release|Any CPU.ActiveCfg = Release|Any CPU
		{16EC0BD4-7BAC-4960-9C4D-420907ED9091}.Release|Any CPU.Build.0 = Release|Any CPU
	EndGlobalSection
	GlobalSection(SolutionProperties) = preSolution
		HideSolutionNode = FALSE
	EndGlobalSection
	GlobalSection(ExtensibilityGlobals) = postSolution
		SolutionGuid = {D9DC4E24-87FF-4EDE-BFF2-758F055342A6}
	EndGlobalSection
EndGlobal
